
Microsoft Visual Studio Solution File, Format Version 12.00
# Visual Studio 2012
Project("{8BC9CEB8-8B4A-11D0-8D11-00A0C91BC942}") = "Dicomkit.Dump", "Dicomkit.Dump\Dicomkit.Dump.vcxproj", "{EB1429CE-FD06-46C2-B612-F5779A1C9B97}"
	ProjectSection(ProjectDependencies) = postProject
		{93EE52DB-843D-4A0E-8C58-EDC26B6ACF72} = {93EE52DB-843D-4A0E-8C58-EDC26B6ACF72}
	EndProjectSection
EndProject
Project("{8BC9CEB8-8B4A-11D0-8D11-00A0C91BC942}") = "Dicomkit.Sdk", "Dicomkit.Sdk\Dicomkit.Sdk.vcxproj", "{93EE52DB-843D-4A0E-8C58-EDC26B6ACF72}"
EndProject
Project("{2150E333-8FDC-42A3-9474-1A3956D46DE8}") = "Solution Items", "Solution Items", "{9CE70CEB-40C9-43C0-B9D0-0C3DD3C54CC7}"
	ProjectSection(SolutionItems) = preProject
		.travis.yml = .travis.yml
		LICENSE.txt = LICENSE.txt
	EndProjectSection
EndProject
Project("{2150E333-8FDC-42A3-9474-1A3956D46DE8}") = ".nuget", ".nuget", "{5D555CD1-E2F4-48B7-9499-0E22CE6D1DB0}"
	ProjectSection(SolutionItems) = preProject
		.nuget\Microsoft.Build.dll = .nuget\Microsoft.Build.dll
		.nuget\NuGet.Config = .nuget\NuGet.Config
		.nuget\NuGet.exe = .nuget\NuGet.exe
		.nuget\NuGet.mono.targets = .nuget\NuGet.mono.targets
		.nuget\NuGet.targets = .nuget\NuGet.targets
	EndProjectSection
EndProject
Global
	GlobalSection(SolutionConfigurationPlatforms) = preSolution
		Debug|Win32 = Debug|Win32
		Release|Win32 = Release|Win32
	EndGlobalSection
	GlobalSection(ProjectConfigurationPlatforms) = postSolution
		{EB1429CE-FD06-46C2-B612-F5779A1C9B97}.Debug|Win32.ActiveCfg = Debug|Win32
		{EB1429CE-FD06-46C2-B612-F5779A1C9B97}.Debug|Win32.Build.0 = Debug|Win32
		{EB1429CE-FD06-46C2-B612-F5779A1C9B97}.Release|Win32.ActiveCfg = Release|Win32
		{EB1429CE-FD06-46C2-B612-F5779A1C9B97}.Release|Win32.Build.0 = Release|Win32
		{93EE52DB-843D-4A0E-8C58-EDC26B6ACF72}.Debug|Win32.ActiveCfg = Debug|Win32
		{93EE52DB-843D-4A0E-8C58-EDC26B6ACF72}.Debug|Win32.Build.0 = Debug|Win32
		{93EE52DB-843D-4A0E-8C58-EDC26B6ACF72}.Release|Win32.ActiveCfg = Release|Win32
		{93EE52DB-843D-4A0E-8C58-EDC26B6ACF72}.Release|Win32.Build.0 = Release|Win32
	EndGlobalSection
	GlobalSection(SolutionProperties) = preSolution
		HideSolutionNode = FALSE
	EndGlobalSection
EndGlobal
